
Microsoft Visual Studio Solution File, Format Version 12.00
# Visual Studio Version 17
VisualStudioVersion = 17.7.34031.279
MinimumVisualStudioVersion = 10.0.40219.1
Project("{9A19103F-16F7-4668-BE54-9A1E7A4F7556}") = "NET FRAMEWORKS EXAMEN_OPDRACHT", "NET FRAMEWORKS EXAMEN_OPDRACHT.csproj", "{199CF725-F137-418C-B47F-BA4261B64036}"
EndProject
Global
	GlobalSection(SolutionConfigurationPlatforms) = preSolution
		Debug|Any CPU = Debug|Any CPU
		Release|Any CPU = Release|Any CPU
	EndGlobalSection
	GlobalSection(ProjectConfigurationPlatforms) = postSolution
		{199CF725-F137-418C-B47F-BA4261B64036}.Debug|Any CPU.ActiveCfg = Debug|Any CPU
		{199CF725-F137-418C-B47F-BA4261B64036}.Debug|Any CPU.Build.0 = Debug|Any CPU
		{199CF725-F137-418C-B47F-BA4261B64036}.Release|Any CPU.ActiveCfg = Release|Any CPU
		{199CF725-F137-418C-B47F-BA4261B64036}.Release|Any CPU.Build.0 = Release|Any CPU
	EndGlobalSection
	GlobalSection(SolutionProperties) = preSolution
		HideSolutionNode = FALSE
	EndGlobalSection
	GlobalSection(ExtensibilityGlobals) = postSolution
		SolutionGuid = {12762DBF-3F3F-4293-91EC-3D425D354D48}
	EndGlobalSection
EndGlobal
